
Microsoft Visual Studio Solution File, Format Version 12.00
# Visual Studio Version 16
VisualStudioVersion = 16.0.30709.132
MinimumVisualStudioVersion = 10.0.40219.1
Project("{FAE04EC0-301F-11D3-BF4B-00C04F79EFBC}") = "IntGreaterThan", "IntGreaterThan\IntGreaterThan.csproj", "{5C28A7D6-72A9-42EA-B6C2-4A90F99B4C4E}"
EndProject
Global
	GlobalSection(SolutionConfigurationPlatforms) = preSolution
		Debug|Any CPU = Debug|Any CPU
		Release|Any CPU = Release|Any CPU
	EndGlobalSection
	GlobalSection(ProjectConfigurationPlatforms) = postSolution
		{5C28A7D6-72A9-42EA-B6C2-4A90F99B4C4E}.Debug|Any CPU.ActiveCfg = Debug|Any CPU
		{5C28A7D6-72A9-42EA-B6C2-4A90F99B4C4E}.Debug|Any CPU.Build.0 = Debug|Any CPU
		{5C28A7D6-72A9-42EA-B6C2-4A90F99B4C4E}.Release|Any CPU.ActiveCfg = Release|Any CPU
		{5C28A7D6-72A9-42EA-B6C2-4A90F99B4C4E}.Release|Any CPU.Build.0 = Release|Any CPU
	EndGlobalSection
	GlobalSection(SolutionProperties) = preSolution
		HideSolutionNode = FALSE
	EndGlobalSection
	GlobalSection(ExtensibilityGlobals) = postSolution
		SolutionGuid = {DE169E5E-55D6-409F-A1FE-A651309E4133}
	EndGlobalSection
EndGlobal
